# This file is generated by running "yarn install" inside your project.
# Manual changes might be lost - proceed with caution!

__metadata:
  version: 8
  cacheKey: 10c0

"argparse@npm:^2.0.1":
  version: 2.0.1
  resolution: "argparse@npm:2.0.1"
  checksum: 10c0/c5640c2d89045371c7cedd6a70212a04e360fd34d6edeae32f6952c63949e3525ea77dbec0289d8213a99bbaeab5abfa860b5c12cf88a2e6cf8106e90dd27a7e
  languageName: node
  linkType: hard

"array.prototype.every@npm:^1.1.3":
  version: 1.1.3
  resolution: "array.prototype.every@npm:1.1.3"
  dependencies:
    call-bind: "npm:^1.0.2"
    define-properties: "npm:^1.1.3"
    es-abstract: "npm:^1.19.0"
    is-string: "npm:^1.0.7"
  checksum: 10c0/166f94a0e6219dfd841aa20367003f5232b02a470a90cd45a2c82978d99993f3b11bb6a9299421adfce4c56ba049715c785811d4f4b0610e79e4e207d6fcda07
  languageName: node
  linkType: hard

"available-typed-arrays@npm:^1.0.5":
  version: 1.0.5
  resolution: "available-typed-arrays@npm:1.0.5"
  checksum: 10c0/c4df567ca72d2754a6cbad20088f5f98b1065b3360178169fa9b44ea101af62c0f423fc3854fa820fd6895b6b9171b8386e71558203103ff8fc2ad503fdcc660
  languageName: node
  linkType: hard

"balanced-match@npm:^1.0.0":
  version: 1.0.2
  resolution: "balanced-match@npm:1.0.2"
  checksum: 10c0/9308baf0a7e4838a82bbfd11e01b1cb0f0cf2893bc1676c27c2a8c0e70cbae1c59120c3268517a8ae7fb6376b4639ef81ca22582611dbee4ed28df945134aaee
  languageName: node
  linkType: hard

"brace-expansion@npm:^1.1.7":
  version: 1.1.11
  resolution: "brace-expansion@npm:1.1.11"
  dependencies:
    balanced-match: "npm:^1.0.0"
    concat-map: "npm:0.0.1"
  checksum: 10c0/695a56cd058096a7cb71fb09d9d6a7070113c7be516699ed361317aca2ec169f618e28b8af352e02ab4233fb54eb0168460a40dc320bab0034b36ab59aaad668
  languageName: node
  linkType: hard

"call-bind@npm:^1.0.0, call-bind@npm:^1.0.2":
  version: 1.0.2
  resolution: "call-bind@npm:1.0.2"
  dependencies:
    function-bind: "npm:^1.1.1"
    get-intrinsic: "npm:^1.0.2"
  checksum: 10c0/74ba3f31e715456e22e451d8d098779b861eba3c7cac0d9b510049aced70d75c231ba05071f97e1812c98e34e2bee734c0c6126653e0088c2d9819ca047f4073
  languageName: node
  linkType: hard

"concat-map@npm:0.0.1":
  version: 0.0.1
  resolution: "concat-map@npm:0.0.1"
  checksum: 10c0/c996b1cfdf95b6c90fee4dae37e332c8b6eb7d106430c17d538034c0ad9a1630cb194d2ab37293b1bdd4d779494beee7786d586a50bd9376fd6f7bcc2bd4c98f
  languageName: node
  linkType: hard

"deep-equal@npm:^2.0.5":
  version: 2.0.5
  resolution: "deep-equal@npm:2.0.5"
  dependencies:
    call-bind: "npm:^1.0.0"
    es-get-iterator: "npm:^1.1.1"
    get-intrinsic: "npm:^1.0.1"
    is-arguments: "npm:^1.0.4"
    is-date-object: "npm:^1.0.2"
    is-regex: "npm:^1.1.1"
    isarray: "npm:^2.0.5"
    object-is: "npm:^1.1.4"
    object-keys: "npm:^1.1.1"
    object.assign: "npm:^4.1.2"
    regexp.prototype.flags: "npm:^1.3.0"
    side-channel: "npm:^1.0.3"
    which-boxed-primitive: "npm:^1.0.1"
    which-collection: "npm:^1.0.1"
    which-typed-array: "npm:^1.1.2"
  checksum: 10c0/e36a16ef53a4d3010f6bb9a3f7945cb0c15910590fa04444cfa965d6e1cd77b75418e2e7e45083f22bd769c18b606fc6e24b6a05232405bb51d9b897ee7c55f5
  languageName: node
  linkType: hard

"define-properties@npm:^1.1.3":
  version: 1.1.3
  resolution: "define-properties@npm:1.1.3"
  dependencies:
    object-keys: "npm:^1.0.12"
  checksum: 10c0/a2fa03d97ee44bb7c679bac7c3b3e63431a2efd83c12c0d61c7f5adf4fa1cf0a669c77afd274babbc5400926bdc2befb25679e4bf687140b078c0fe14f782e4f
  languageName: node
  linkType: hard

"defined@npm:^1.0.0":
  version: 1.0.0
  resolution: "defined@npm:1.0.0"
  checksum: 10c0/2b9929414857729a97cfcc77987e65005e03b3fd92747e1d6a743b054c1387b62e669dc453b53e3a8105f1398df6aad54c07eed984871c93be8c7f4560a1828b
  languageName: node
  linkType: hard

"dotignore@npm:^0.1.2":
  version: 0.1.2
  resolution: "dotignore@npm:0.1.2"
  dependencies:
    minimatch: "npm:^3.0.4"
  bin:
    ignored: bin/ignored
  checksum: 10c0/71f25a507cbe88a7dbf07d5108bb0924af39c71a3c5fd83045fc42d5dc1605a23113ba29999b94d964555e6e6be2980caa8da3711cfa31a6b6d88c184b1ab181
  languageName: node
  linkType: hard

"es-abstract@npm:^1.18.5, es-abstract@npm:^1.19.0, es-abstract@npm:^1.19.1":
  version: 1.19.1
  resolution: "es-abstract@npm:1.19.1"
  dependencies:
    call-bind: "npm:^1.0.2"
    es-to-primitive: "npm:^1.2.1"
    function-bind: "npm:^1.1.1"
    get-intrinsic: "npm:^1.1.1"
    get-symbol-description: "npm:^1.0.0"
    has: "npm:^1.0.3"
    has-symbols: "npm:^1.0.2"
    internal-slot: "npm:^1.0.3"
    is-callable: "npm:^1.2.4"
    is-negative-zero: "npm:^2.0.1"
    is-regex: "npm:^1.1.4"
    is-shared-array-buffer: "npm:^1.0.1"
    is-string: "npm:^1.0.7"
    is-weakref: "npm:^1.0.1"
    object-inspect: "npm:^1.11.0"
    object-keys: "npm:^1.1.1"
    object.assign: "npm:^4.1.2"
    string.prototype.trimend: "npm:^1.0.4"
    string.prototype.trimstart: "npm:^1.0.4"
    unbox-primitive: "npm:^1.0.1"
  checksum: 10c0/24ed66dfa682f1bbcfa70cd95581c29a6ba88baf579619bff5690ac383b8612f3f5fcebf30dec8df634d507b633ef1ed9f09b010b07e17e3975d4ce674e3059c
  languageName: node
  linkType: hard

"es-get-iterator@npm:^1.1.1":
  version: 1.1.2
  resolution: "es-get-iterator@npm:1.1.2"
  dependencies:
    call-bind: "npm:^1.0.2"
    get-intrinsic: "npm:^1.1.0"
    has-symbols: "npm:^1.0.1"
    is-arguments: "npm:^1.1.0"
    is-map: "npm:^2.0.2"
    is-set: "npm:^2.0.2"
    is-string: "npm:^1.0.5"
    isarray: "npm:^2.0.5"
  checksum: 10c0/76a832b3bfd85941c556287cd50a3ad612f5193264b761e2011503f311dfa20aa52b9ebd701d3f16022d4cb56a7130a4cfb50186427d3aecd0d4e547a471f68e
  languageName: node
  linkType: hard

"es-to-primitive@npm:^1.2.1":
  version: 1.2.1
  resolution: "es-to-primitive@npm:1.2.1"
  dependencies:
    is-callable: "npm:^1.1.4"
    is-date-object: "npm:^1.0.1"
    is-symbol: "npm:^1.0.2"
  checksum: 10c0/0886572b8dc075cb10e50c0af62a03d03a68e1e69c388bd4f10c0649ee41b1fbb24840a1b7e590b393011b5cdbe0144b776da316762653685432df37d6de60f1
  languageName: node
  linkType: hard

"for-each@npm:^0.3.3":
  version: 0.3.3
  resolution: "for-each@npm:0.3.3"
  dependencies:
    is-callable: "npm:^1.1.3"
  checksum: 10c0/22330d8a2db728dbf003ec9182c2d421fbcd2969b02b4f97ec288721cda63eb28f2c08585ddccd0f77cb2930af8d958005c9e72f47141dc51816127a118f39aa
  languageName: node
  linkType: hard

"foreach@npm:^2.0.5":
  version: 2.0.5
  resolution: "foreach@npm:2.0.5"
  checksum: 10c0/63a99bf2528dd709e243f99865221eee8e94f19e0d996673363b954f0555a6eb1f5bac253e53644b1f6d7d05c118e46eda9e9528a3520a37b75164c8138f5207
  languageName: node
  linkType: hard

"fs.realpath@npm:^1.0.0":
  version: 1.0.0
  resolution: "fs.realpath@npm:1.0.0"
  checksum: 10c0/444cf1291d997165dfd4c0d58b69f0e4782bfd9149fd72faa4fe299e68e0e93d6db941660b37dd29153bf7186672ececa3b50b7e7249477b03fdf850f287c948
  languageName: node
  linkType: hard

"function-bind@npm:^1.1.1":
  version: 1.1.1
  resolution: "function-bind@npm:1.1.1"
  checksum: 10c0/60b74b2407e1942e1ed7f8c284f8ef714d0689dcfce5319985a5b7da3fc727f40b4a59ec72dc55aa83365ad7b8fa4fac3a30d93c850a2b452f29ae03dbc10a1e
  languageName: node
  linkType: hard

"get-intrinsic@npm:^1.0.1, get-intrinsic@npm:^1.0.2, get-intrinsic@npm:^1.1.0, get-intrinsic@npm:^1.1.1":
  version: 1.1.1
  resolution: "get-intrinsic@npm:1.1.1"
  dependencies:
    function-bind: "npm:^1.1.1"
    has: "npm:^1.0.3"
    has-symbols: "npm:^1.0.1"
  checksum: 10c0/c01055578e9b8da37a7779b18b732436c55d93e5ffa56b0fc4d3da8468ad89a25ce2343ba1945f20c0e78119bc7bb296fb59a0da521b6e43fd632de73376e040
  languageName: node
  linkType: hard

"get-package-type@npm:^0.1.0":
  version: 0.1.0
  resolution: "get-package-type@npm:0.1.0"
  checksum: 10c0/e34cdf447fdf1902a1f6d5af737eaadf606d2ee3518287abde8910e04159368c268568174b2e71102b87b26c2020486f126bfca9c4fb1ceb986ff99b52ecd1be
  languageName: node
  linkType: hard

"get-symbol-description@npm:^1.0.0":
  version: 1.0.0
  resolution: "get-symbol-description@npm:1.0.0"
  dependencies:
    call-bind: "npm:^1.0.2"
    get-intrinsic: "npm:^1.1.1"
  checksum: 10c0/23bc3b44c221cdf7669a88230c62f4b9e30393b61eb21ba4400cb3e346801bd8f95fe4330ee78dbae37aecd874646d53e3e76a17a654d0c84c77f6690526d6bb
  languageName: node
  linkType: hard

"glob@npm:^7.2.0":
  version: 7.2.0
  resolution: "glob@npm:7.2.0"
  dependencies:
    fs.realpath: "npm:^1.0.0"
    inflight: "npm:^1.0.4"
    inherits: "npm:2"
    minimatch: "npm:^3.0.4"
    once: "npm:^1.3.0"
    path-is-absolute: "npm:^1.0.0"
  checksum: 10c0/478b40e38be5a3d514e64950e1e07e0ac120585add6a37c98d0ed24d72d9127d734d2a125786073c8deb687096e84ae82b641c441a869ada3a9cc91b68978632
  languageName: node
  linkType: hard

"has-bigints@npm:^1.0.1":
  version: 1.0.1
  resolution: "has-bigints@npm:1.0.1"
  checksum: 10c0/59dc0ceb28468fcad0d3fd20a5d679dd577bae177f5caaf0b1f742df42a30267271538ab282c1c7dce14fcb9ba53401055363edab51d28fbae85c17b30f98a31
  languageName: node
  linkType: hard

"has-dynamic-import@npm:^2.0.1":
  version: 2.0.1
  resolution: "has-dynamic-import@npm:2.0.1"
  dependencies:
    call-bind: "npm:^1.0.2"
    get-intrinsic: "npm:^1.1.1"
  checksum: 10c0/db7d817cf9d4ddd8f98343e297ca40c0bf8d01b8e04397b72a5cf801928ac0b97ba26bf372451bcec4bcb8fef557935d5fc7e5b62b9c00fc55d48c5972015135
  languageName: node
  linkType: hard

"has-symbols@npm:^1.0.1, has-symbols@npm:^1.0.2":
  version: 1.0.2
  resolution: "has-symbols@npm:1.0.2"
  checksum: 10c0/bfac913244c77e6cb4e3cb6d617a70419f5fa4e1959e828a789b958933ceb997706eafb9615f27089e8fa57449094a3c81695ed3ec0c3b2fa8be8d506640b0f7
  languageName: node
  linkType: hard

"has-tostringtag@npm:^1.0.0":
  version: 1.0.0
  resolution: "has-tostringtag@npm:1.0.0"
  dependencies:
    has-symbols: "npm:^1.0.2"
  checksum: 10c0/1cdba76b7d13f65198a92b8ca1560ba40edfa09e85d182bf436d928f3588a9ebd260451d569f0ed1b849c4bf54f49c862aa0d0a77f9552b1855bb6deb526c011
  languageName: node
  linkType: hard

"has@npm:^1.0.3":
  version: 1.0.3
  resolution: "has@npm:1.0.3"
  dependencies:
    function-bind: "npm:^1.1.1"
  checksum: 10c0/e1da0d2bd109f116b632f27782cf23182b42f14972ca9540e4c5aa7e52647407a0a4a76937334fddcb56befe94a3494825ec22b19b51f5e5507c3153fd1a5e1b
  languageName: node
  linkType: hard

"inflight@npm:^1.0.4":
  version: 1.0.6
  resolution: "inflight@npm:1.0.6"
  dependencies:
    once: "npm:^1.3.0"
    wrappy: "npm:1"
  checksum: 10c0/7faca22584600a9dc5b9fca2cd5feb7135ac8c935449837b315676b4c90aa4f391ec4f42240178244b5a34e8bede1948627fda392ca3191522fc46b34e985ab2
  languageName: node
  linkType: hard

"inherits@npm:2, inherits@npm:^2.0.4":
  version: 2.0.4
  resolution: "inherits@npm:2.0.4"
  checksum: 10c0/4e531f648b29039fb7426fb94075e6545faa1eb9fe83c29f0b6d9e7263aceb4289d2d4557db0d428188eeb449cc7c5e77b0a0b2c4e248ff2a65933a0dee49ef2
  languageName: node
  linkType: hard

"internal-slot@npm:^1.0.3":
  version: 1.0.3
  resolution: "internal-slot@npm:1.0.3"
  dependencies:
    get-intrinsic: "npm:^1.1.0"
    has: "npm:^1.0.3"
    side-channel: "npm:^1.0.4"
  checksum: 10c0/bb41342a474c1b607458b0c716c742d779a6ed9dfaf7986e5d20d1e7f55b7f3676e4d9f416bc253af4fd78d367e1f83e586f74840302bcf2e60c424f9284dde5
  languageName: node
  linkType: hard

"is-arguments@npm:^1.0.4, is-arguments@npm:^1.1.0":
  version: 1.1.1
  resolution: "is-arguments@npm:1.1.1"
  dependencies:
    call-bind: "npm:^1.0.2"
    has-tostringtag: "npm:^1.0.0"
  checksum: 10c0/5ff1f341ee4475350adfc14b2328b38962564b7c2076be2f5bac7bd9b61779efba99b9f844a7b82ba7654adccf8e8eb19d1bb0cc6d1c1a085e498f6793d4328f
  languageName: node
  linkType: hard

"is-bigint@npm:^1.0.1":
  version: 1.0.4
  resolution: "is-bigint@npm:1.0.4"
  dependencies:
    has-bigints: "npm:^1.0.1"
  checksum: 10c0/eb9c88e418a0d195ca545aff2b715c9903d9b0a5033bc5922fec600eb0c3d7b1ee7f882dbf2e0d5a6e694e42391be3683e4368737bd3c4a77f8ac293e7773696
  languageName: node
  linkType: hard

"is-boolean-object@npm:^1.1.0":
  version: 1.1.2
  resolution: "is-boolean-object@npm:1.1.2"
  dependencies:
    call-bind: "npm:^1.0.2"
    has-tostringtag: "npm:^1.0.0"
  checksum: 10c0/6090587f8a8a8534c0f816da868bc94f32810f08807aa72fa7e79f7e11c466d281486ffe7a788178809c2aa71fe3e700b167fe80dd96dad68026bfff8ebf39f7
  languageName: node
  linkType: hard

"is-callable@npm:^1.1.3, is-callable@npm:^1.1.4, is-callable@npm:^1.2.4":
  version: 1.2.4
  resolution: "is-callable@npm:1.2.4"
  checksum: 10c0/bda3c67128741129d61e1cb7ca89025ca56b39bf3564657989567c9f6d1e20d6f5579750d3c1fa8887903c6dc669fbc695e33a1363e7c5ec944077e39d24f73d
  languageName: node
  linkType: hard

"is-core-module@npm:^2.2.0":
  version: 2.8.1
  resolution: "is-core-module@npm:2.8.1"
  dependencies:
    has: "npm:^1.0.3"
  checksum: 10c0/f1139970deb2ec159c54be154d35cd17d71b9b56c60221ff7c8c328ca7efe20b6d676cef43d08c21966e162bfd5068dcd0ce23e64c77b76a19824563ecd82e0e
  languageName: node
  linkType: hard

"is-date-object@npm:^1.0.1, is-date-object@npm:^1.0.2":
  version: 1.0.5
  resolution: "is-date-object@npm:1.0.5"
  dependencies:
    has-tostringtag: "npm:^1.0.0"
  checksum: 10c0/eed21e5dcc619c48ccef804dfc83a739dbb2abee6ca202838ee1bd5f760fe8d8a93444f0d49012ad19bb7c006186e2884a1b92f6e1c056da7fd23d0a9ad5992e
  languageName: node
  linkType: hard

"is-map@npm:^2.0.1, is-map@npm:^2.0.2":
  version: 2.0.2
  resolution: "is-map@npm:2.0.2"
  checksum: 10c0/119ff9137a37fd131a72fab3f4ab8c9d6a24b0a1ee26b4eff14dc625900d8675a97785eea5f4174265e2006ed076cc24e89f6e57ebd080a48338d914ec9168a5
  languageName: node
  linkType: hard

"is-negative-zero@npm:^2.0.1":
  version: 2.0.2
  resolution: "is-negative-zero@npm:2.0.2"
  checksum: 10c0/eda024c158f70f2017f3415e471b818d314da5ef5be68f801b16314d4a4b6304a74cbed778acf9e2f955bb9c1c5f2935c1be0c7c99e1ad12286f45366217b6a3
  languageName: node
  linkType: hard

"is-number-object@npm:^1.0.4":
  version: 1.0.6
  resolution: "is-number-object@npm:1.0.6"
  dependencies:
    has-tostringtag: "npm:^1.0.0"
  checksum: 10c0/f3220cd4882ed6c18f08d5122d320b353bc3ceeab5d93dbefded56da70fb544eaa3f27323902dd64d76a84260504c9bf7f4743f2d1817c716658b972573ef6ff
  languageName: node
  linkType: hard

"is-regex@npm:^1.1.1, is-regex@npm:^1.1.4":
  version: 1.1.4
  resolution: "is-regex@npm:1.1.4"
  dependencies:
    call-bind: "npm:^1.0.2"
    has-tostringtag: "npm:^1.0.0"
  checksum: 10c0/bb72aae604a69eafd4a82a93002058c416ace8cde95873589a97fc5dac96a6c6c78a9977d487b7b95426a8f5073969124dd228f043f9f604f041f32fcc465fc1
  languageName: node
  linkType: hard

"is-set@npm:^2.0.1, is-set@npm:^2.0.2":
  version: 2.0.2
  resolution: "is-set@npm:2.0.2"
  checksum: 10c0/5f8bd1880df8c0004ce694e315e6e1e47a3452014be792880bb274a3b2cdb952fdb60789636ca6e084c7947ca8b7ae03ccaf54c93a7fcfed228af810559e5432
  languageName: node
  linkType: hard

"is-shared-array-buffer@npm:^1.0.1":
  version: 1.0.1
  resolution: "is-shared-array-buffer@npm:1.0.1"
  checksum: 10c0/d27ff8661f30b6e90258a94c05c739260fb92f6c15d297cbf93e1122c6e7cf26ba65e89a63d427d22712f598905ca9d65840c1335449825aca4828e0bb53aa04
  languageName: node
  linkType: hard

"is-string@npm:^1.0.5, is-string@npm:^1.0.7":
  version: 1.0.7
  resolution: "is-string@npm:1.0.7"
  dependencies:
    has-tostringtag: "npm:^1.0.0"
  checksum: 10c0/905f805cbc6eedfa678aaa103ab7f626aac9ebbdc8737abb5243acaa61d9820f8edc5819106b8fcd1839e33db21de9f0116ae20de380c8382d16dc2a601921f6
  languageName: node
  linkType: hard

"is-symbol@npm:^1.0.2, is-symbol@npm:^1.0.3":
  version: 1.0.4
  resolution: "is-symbol@npm:1.0.4"
  dependencies:
    has-symbols: "npm:^1.0.2"
  checksum: 10c0/9381dd015f7c8906154dbcbf93fad769de16b4b961edc94f88d26eb8c555935caa23af88bda0c93a18e65560f6d7cca0fd5a3f8a8e1df6f1abbb9bead4502ef7
  languageName: node
  linkType: hard

"is-typed-array@npm:^1.1.7":
  version: 1.1.8
  resolution: "is-typed-array@npm:1.1.8"
  dependencies:
    available-typed-arrays: "npm:^1.0.5"
    call-bind: "npm:^1.0.2"
    es-abstract: "npm:^1.18.5"
    foreach: "npm:^2.0.5"
    has-tostringtag: "npm:^1.0.0"
  checksum: 10c0/31e0561cfc03b3e167b61f011de4eff12cda6a7d8a5f3e92e67c9043776e27df32f2ba4e690246711465ed1bef1917e7bdb09f68cc68b24666d2a3e7c5437af9
  languageName: node
  linkType: hard

"is-weakmap@npm:^2.0.1":
  version: 2.0.1
  resolution: "is-weakmap@npm:2.0.1"
  checksum: 10c0/9c9fec9efa7bf5030a4a927f33fff2a6976b93646259f92b517d3646c073cc5b98283a162ce75c412b060a46de07032444b530f0a4c9b6e012ef8f1741c3a987
  languageName: node
  linkType: hard

"is-weakref@npm:^1.0.1":
  version: 1.0.2
  resolution: "is-weakref@npm:1.0.2"
  dependencies:
    call-bind: "npm:^1.0.2"
  checksum: 10c0/1545c5d172cb690c392f2136c23eec07d8d78a7f57d0e41f10078aa4f5daf5d7f57b6513a67514ab4f073275ad00c9822fc8935e00229d0a2089e1c02685d4b1
  languageName: node
  linkType: hard

"is-weakset@npm:^2.0.1":
  version: 2.0.2
  resolution: "is-weakset@npm:2.0.2"
  dependencies:
    call-bind: "npm:^1.0.2"
    get-intrinsic: "npm:^1.1.1"
  checksum: 10c0/ef5136bd446ae4603229b897f73efd0720c6ab3ec6cc05c8d5c4b51aa9f95164713c4cad0a22ff1fedf04865ff86cae4648bc1d5eead4b6388e1150525af1cc1
  languageName: node
  linkType: hard

"isarray@npm:^2.0.5":
  version: 2.0.5
  resolution: "isarray@npm:2.0.5"
  checksum: 10c0/4199f14a7a13da2177c66c31080008b7124331956f47bca57dd0b6ea9f11687aa25e565a2c7a2b519bc86988d10398e3049a1f5df13c9f6b7664154690ae79fd
  languageName: node
  linkType: hard

"js-yaml@npm:~4.1.0":
  version: 4.1.0
  resolution: "js-yaml@npm:4.1.0"
  dependencies:
    argparse: "npm:^2.0.1"
  bin:
    js-yaml: bin/js-yaml.js
  checksum: 10c0/184a24b4eaacfce40ad9074c64fd42ac83cf74d8c8cd137718d456ced75051229e5061b8633c3366b8aada17945a7a356b337828c19da92b51ae62126575018f
  languageName: node
  linkType: hard

"marked@npm:~2.1.0":
  version: 2.1.3
  resolution: "marked@npm:2.1.3"
  bin:
    marked: bin/marked
  checksum: 10c0/1f520ee847911284d7992966aeb46bd9fba09f1f6ada753cb20b0ad5c0d802accd07ef1596abe45d9221cac6bdc106d7487e39dee1249b345b71a354e124a13d
  languageName: node
  linkType: hard

"meta-marked@workspace:.":
  version: 0.0.0-use.local
  resolution: "meta-marked@workspace:."
  dependencies:
    js-yaml: "npm:~4.1.0"
    marked: "npm:~2.1.0"
    tape: "npm:5.5.0"
  languageName: unknown
  linkType: soft

"minimatch@npm:^3.0.4":
  version: 3.0.4
  resolution: "minimatch@npm:3.0.4"
  dependencies:
    brace-expansion: "npm:^1.1.7"
  checksum: 10c0/d0a2bcd93ebec08a9eef3ca83ba33c9fb6feb93932e0b4dc6aa46c5f37a9404bea7ad9ff7cafe23ce6634f1fe3b206f5315ecbb05812da6e692c21d8ecfd3dae
  languageName: node
  linkType: hard

"minimist@npm:^1.2.5":
  version: 1.2.5
  resolution: "minimist@npm:1.2.5"
  checksum: 10c0/c143b0c199af4df7a55c7a37b6465cdd438acdc6a3a345ba0fe9d94dfcc2042263f650879bc73be607c843deeaeaadf39c864e55bc6d80b36a025eca1a062ee7
  languageName: node
  linkType: hard

"object-inspect@npm:^1.11.0, object-inspect@npm:^1.12.0, object-inspect@npm:^1.9.0":
  version: 1.12.0
  resolution: "object-inspect@npm:1.12.0"
  checksum: 10c0/5ea7837f39f8da87b7cf25e81d14d21c45aae87ecbf0a5997a4d1950eacff363b85d39eab9ef6677ea36e862c708a4fe880ca2ffae1492acacdcbc963f2ee239
  languageName: node
  linkType: hard

"object-is@npm:^1.1.4, object-is@npm:^1.1.5":
  version: 1.1.5
  resolution: "object-is@npm:1.1.5"
  dependencies:
    call-bind: "npm:^1.0.2"
    define-properties: "npm:^1.1.3"
  checksum: 10c0/8c263fb03fc28f1ffb54b44b9147235c5e233dc1ca23768e7d2569740b5d860154d7cc29a30220fe28ed6d8008e2422aefdebfe987c103e1c5d190cf02d9d886
  languageName: node
  linkType: hard

"object-keys@npm:^1.0.12, object-keys@npm:^1.1.1":
  version: 1.1.1
  resolution: "object-keys@npm:1.1.1"
  checksum: 10c0/b11f7ccdbc6d406d1f186cdadb9d54738e347b2692a14439ca5ac70c225fa6db46db809711b78589866d47b25fc3e8dee0b4c722ac751e11180f9380e3d8601d
  languageName: node
  linkType: hard

"object.assign@npm:^4.1.2":
  version: 4.1.2
  resolution: "object.assign@npm:4.1.2"
  dependencies:
    call-bind: "npm:^1.0.0"
    define-properties: "npm:^1.1.3"
    has-symbols: "npm:^1.0.1"
    object-keys: "npm:^1.1.1"
  checksum: 10c0/ee0e796fad8952f05644d11632f046dc4b424f9a41d3816e11a612163b12a873c800456be9acdaec6221b72590ab5267e5fe4bf4cf1c67f88b05f82f133ac829
  languageName: node
  linkType: hard

"once@npm:^1.3.0":
  version: 1.4.0
  resolution: "once@npm:1.4.0"
  dependencies:
    wrappy: "npm:1"
  checksum: 10c0/5d48aca287dfefabd756621c5dfce5c91a549a93e9fdb7b8246bc4c4790aa2ec17b34a260530474635147aeb631a2dcc8b32c613df0675f96041cbb8244517d0
  languageName: node
  linkType: hard

"path-is-absolute@npm:^1.0.0":
  version: 1.0.1
  resolution: "path-is-absolute@npm:1.0.1"
  checksum: 10c0/127da03c82172a2a50099cddbf02510c1791fc2cc5f7713ddb613a56838db1e8168b121a920079d052e0936c23005562059756d653b7c544c53185efe53be078
  languageName: node
  linkType: hard

"path-parse@npm:^1.0.6":
  version: 1.0.7
  resolution: "path-parse@npm:1.0.7"
  checksum: 10c0/11ce261f9d294cc7a58d6a574b7f1b935842355ec66fba3c3fd79e0f036462eaf07d0aa95bb74ff432f9afef97ce1926c720988c6a7451d8a584930ae7de86e1
  languageName: node
  linkType: hard

"regexp.prototype.flags@npm:^1.3.0":
  version: 1.4.1
  resolution: "regexp.prototype.flags@npm:1.4.1"
  dependencies:
    call-bind: "npm:^1.0.2"
    define-properties: "npm:^1.1.3"
  checksum: 10c0/9f9ee0b5ad7a831290e55ff55581e8ad8d22eac64879821740f42be4d129f6c3f33ab831c6dd1134a12c2b06a8cc39bcab26a071a48ab1834023403be4921b24
  languageName: node
  linkType: hard

"resolve@npm:^2.0.0-next.3":
  version: 2.0.0-next.3
  resolution: "resolve@npm:2.0.0-next.3"
  dependencies:
    is-core-module: "npm:^2.2.0"
    path-parse: "npm:^1.0.6"
  checksum: 10c0/669f6ad21d914df8c8d414092e263c7276598ad674c32edc2763b621bf03d0481816a5173ec552b0e97dd826c522b3109e5903db0c8eff085c1e1975a1ace8d2
  languageName: node
  linkType: hard

"resolve@patch:resolve@npm%3A^2.0.0-next.3#optional!builtin<compat/resolve>":
  version: 2.0.0-next.3
  resolution: "resolve@patch:resolve@npm%3A2.0.0-next.3#optional!builtin<compat/resolve>::version=2.0.0-next.3&hash=c3c19d"
  dependencies:
    is-core-module: "npm:^2.2.0"
    path-parse: "npm:^1.0.6"
  checksum: 10c0/ecd5da8e5f3042952bd9fd46725ef850144e7c3d707d963039df677809716660ccf5efa66742fbc6796d280c23d18915384fada76869a9c554e15cf1e6df9278
  languageName: node
  linkType: hard

"resumer@npm:^0.0.0":
  version: 0.0.0
  resolution: "resumer@npm:0.0.0"
  dependencies:
    through: "npm:~2.3.4"
  checksum: 10c0/7e6d5876efe574aa3a571129a6cc07f5f5970f55248e820a32290fc9183a919b6c3875823d0ad3f392d247b778ad023b402079b369ba0320e9000abe27ff567e
  languageName: node
  linkType: hard

"side-channel@npm:^1.0.3, side-channel@npm:^1.0.4":
  version: 1.0.4
  resolution: "side-channel@npm:1.0.4"
  dependencies:
    call-bind: "npm:^1.0.0"
    get-intrinsic: "npm:^1.0.2"
    object-inspect: "npm:^1.9.0"
  checksum: 10c0/054a5d23ee35054b2c4609b9fd2a0587760737782b5d765a9c7852264710cc39c6dcb56a9bbd6c12cd84071648aea3edb2359d2f6e560677eedadce511ac1da5
  languageName: node
  linkType: hard

"string.prototype.trim@npm:^1.2.5":
  version: 1.2.5
  resolution: "string.prototype.trim@npm:1.2.5"
  dependencies:
    call-bind: "npm:^1.0.2"
    define-properties: "npm:^1.1.3"
    es-abstract: "npm:^1.19.1"
  checksum: 10c0/184395a7d1e296149ab8ef067314b93894822f614dbe07877d105ea3f3c24cd835b1de088007189d911fc6e38eb9ec68190980748220ff17def60bbc2080759d
  languageName: node
  linkType: hard

"string.prototype.trimend@npm:^1.0.4":
  version: 1.0.4
  resolution: "string.prototype.trimend@npm:1.0.4"
  dependencies:
    call-bind: "npm:^1.0.2"
    define-properties: "npm:^1.1.3"
  checksum: 10c0/9fca11ab237f31cf55736e3e987deb312dd8e1bea7515e0f62949f1494f714083089a432ad5d99ea83f690a9290f58d0ce3d3f3356f5717e4c349d7d1b642af7
  languageName: node
  linkType: hard

"string.prototype.trimstart@npm:^1.0.4":
  version: 1.0.4
  resolution: "string.prototype.trimstart@npm:1.0.4"
  dependencies:
    call-bind: "npm:^1.0.2"
    define-properties: "npm:^1.1.3"
  checksum: 10c0/4e4f836f9416c3db176587ab4e9b62f45b11489ab93c2b14e796c82a4f1c912278f31a4793cc00c2bee11002e56c964e9f131b8f78d96ffbd89822a11bd786fe
  languageName: node
  linkType: hard

"tape@npm:5.5.0":
  version: 5.5.0
  resolution: "tape@npm:5.5.0"
  dependencies:
    array.prototype.every: "npm:^1.1.3"
    call-bind: "npm:^1.0.2"
    deep-equal: "npm:^2.0.5"
    defined: "npm:^1.0.0"
    dotignore: "npm:^0.1.2"
    for-each: "npm:^0.3.3"
    get-package-type: "npm:^0.1.0"
    glob: "npm:^7.2.0"
    has: "npm:^1.0.3"
    has-dynamic-import: "npm:^2.0.1"
    inherits: "npm:^2.0.4"
    is-regex: "npm:^1.1.4"
    minimist: "npm:^1.2.5"
    object-inspect: "npm:^1.12.0"
    object-is: "npm:^1.1.5"
    object-keys: "npm:^1.1.1"
    object.assign: "npm:^4.1.2"
    resolve: "npm:^2.0.0-next.3"
    resumer: "npm:^0.0.0"
    string.prototype.trim: "npm:^1.2.5"
    through: "npm:^2.3.8"
  bin:
    tape: bin/tape
  checksum: 10c0/1cc0710eac51bf72f533b0ec473037db16f6985d7d344809cebc4f1e5198fb27eb090cd491a98d464f1aac4251935da9fec2a3c04448479dcc041b2ddead52bb
  languageName: node
  linkType: hard

"through@npm:^2.3.8, through@npm:~2.3.4":
  version: 2.3.8
  resolution: "through@npm:2.3.8"
  checksum: 10c0/4b09f3774099de0d4df26d95c5821a62faee32c7e96fb1f4ebd54a2d7c11c57fe88b0a0d49cf375de5fee5ae6bf4eb56dbbf29d07366864e2ee805349970d3cc
  languageName: node
  linkType: hard

"unbox-primitive@npm:^1.0.1":
  version: 1.0.1
  resolution: "unbox-primitive@npm:1.0.1"
  dependencies:
    function-bind: "npm:^1.1.1"
    has-bigints: "npm:^1.0.1"
    has-symbols: "npm:^1.0.2"
    which-boxed-primitive: "npm:^1.0.2"
  checksum: 10c0/6f0b91b0744c6f9fd05afa70484914b70686596be628543a143fab018733f902ff39fad2c3cf8f00fd5d32ba8bce8edf9cf61cee940c1af892316e112b25812b
  languageName: node
  linkType: hard

"which-boxed-primitive@npm:^1.0.1, which-boxed-primitive@npm:^1.0.2":
  version: 1.0.2
  resolution: "which-boxed-primitive@npm:1.0.2"
  dependencies:
    is-bigint: "npm:^1.0.1"
    is-boolean-object: "npm:^1.1.0"
    is-number-object: "npm:^1.0.4"
    is-string: "npm:^1.0.5"
    is-symbol: "npm:^1.0.3"
  checksum: 10c0/0a62a03c00c91dd4fb1035b2f0733c341d805753b027eebd3a304b9cb70e8ce33e25317add2fe9b5fea6f53a175c0633ae701ff812e604410ddd049777cd435e
  languageName: node
  linkType: hard

"which-collection@npm:^1.0.1":
  version: 1.0.1
  resolution: "which-collection@npm:1.0.1"
  dependencies:
    is-map: "npm:^2.0.1"
    is-set: "npm:^2.0.1"
    is-weakmap: "npm:^2.0.1"
    is-weakset: "npm:^2.0.1"
  checksum: 10c0/249f913e1758ed2f06f00706007d87dc22090a80591a56917376e70ecf8fc9ab6c41d98e1c87208bb9648676f65d4b09c0e4d23c56c7afb0f0a73a27d701df5d
  languageName: node
  linkType: hard

"which-typed-array@npm:^1.1.2":
  version: 1.1.7
  resolution: "which-typed-array@npm:1.1.7"
  dependencies:
    available-typed-arrays: "npm:^1.0.5"
    call-bind: "npm:^1.0.2"
    es-abstract: "npm:^1.18.5"
    foreach: "npm:^2.0.5"
    has-tostringtag: "npm:^1.0.0"
    is-typed-array: "npm:^1.1.7"
  checksum: 10c0/3b22173c483037c672a2a82cf19dbbd9446bf34cf8d0a5b8f8eefdcda85f821a0f8352cdf1a8c6181b40b6cc55be58f53e90eb18523e96b6cef1bf0633454d7d
  languageName: node
  linkType: hard

"wrappy@npm:1":
  version: 1.0.2
  resolution: "wrappy@npm:1.0.2"
  checksum: 10c0/56fece1a4018c6a6c8e28fbc88c87e0fbf4ea8fd64fc6c63b18f4acc4bd13e0ad2515189786dd2c30d3eec9663d70f4ecf699330002f8ccb547e4a18231fc9f0
  languageName: node
  linkType: hard
